
Microsoft Visual Studio Solution File, Format Version 12.00
# Visual Studio 2013
VisualStudioVersion = 12.0.30501.0
MinimumVisualStudioVersion = 10.0.40219.1
Project("{8BC9CEB8-8B4A-11D0-8D11-00A0C91BC942}") = "UAVtracker1.0", "UAVtracker1.0\UAVtracker1.0.vcxproj", "{7E05C381-14EE-4476-B81C-B823F567C48E}"
EndProject
Project("{8BC9CEB8-8B4A-11D0-8D11-00A0C91BC942}") = "UAVtracker1.0test", "UAVtracker1.0test\UAVtracker1.0test.vcxproj", "{2B2121FE-4251-44B5-BE8D-5F1C1ECA320D}"
EndProject
Project("{8BC9CEB8-8B4A-11D0-8D11-00A0C91BC942}") = "UAVTrackerdll", "UAVTrackerdll\UAVTrackerdll.vcxproj", "{33388AA9-9820-4E12-BCD1-A89853C2086D}"
EndProject
Global
	GlobalSection(SolutionConfigurationPlatforms) = preSolution
		Debug|Win32 = Debug|Win32
		Release|Win32 = Release|Win32
	EndGlobalSection
	GlobalSection(ProjectConfigurationPlatforms) = postSolution
		{7E05C381-14EE-4476-B81C-B823F567C48E}.Debug|Win32.ActiveCfg = Debug|Win32
		{7E05C381-14EE-4476-B81C-B823F567C48E}.Debug|Win32.Build.0 = Debug|Win32
		{7E05C381-14EE-4476-B81C-B823F567C48E}.Release|Win32.ActiveCfg = Release|Win32
		{7E05C381-14EE-4476-B81C-B823F567C48E}.Release|Win32.Build.0 = Release|Win32
		{2B2121FE-4251-44B5-BE8D-5F1C1ECA320D}.Debug|Win32.ActiveCfg = Debug|Win32
		{2B2121FE-4251-44B5-BE8D-5F1C1ECA320D}.Debug|Win32.Build.0 = Debug|Win32
		{2B2121FE-4251-44B5-BE8D-5F1C1ECA320D}.Release|Win32.ActiveCfg = Release|Win32
		{2B2121FE-4251-44B5-BE8D-5F1C1ECA320D}.Release|Win32.Build.0 = Release|Win32
		{33388AA9-9820-4E12-BCD1-A89853C2086D}.Debug|Win32.ActiveCfg = Debug|Win32
		{33388AA9-9820-4E12-BCD1-A89853C2086D}.Debug|Win32.Build.0 = Debug|Win32
		{33388AA9-9820-4E12-BCD1-A89853C2086D}.Release|Win32.ActiveCfg = Release|Win32
		{33388AA9-9820-4E12-BCD1-A89853C2086D}.Release|Win32.Build.0 = Release|Win32
	EndGlobalSection
	GlobalSection(SolutionProperties) = preSolution
		HideSolutionNode = FALSE
	EndGlobalSection
EndGlobal
